// !$*UTF8*$!
{
	archiveVersion = 1;
	classes = {
	};
	objectVersion = 46;
	objects = {

/* Begin PBXBuildFile section */
		56565B9E20701623008CB1AC /* MainScreen.swift in Sources */ = {isa = PBXBuildFile; fileRef = 56565B9D20701623008CB1AC /* MainScreen.swift */; };
		56565BA2207038E3008CB1AC /* GradientView.swift in Sources */ = {isa = PBXBuildFile; fileRef = 56565BA1207038E2008CB1AC /* GradientView.swift */; };
		84F273072067171800D34027 /* AppDelegate.swift in Sources */ = {isa = PBXBuildFile; fileRef = 84F273062067171800D34027 /* AppDelegate.swift */; };
		84F273092067171800D34027 /* ViewController.swift in Sources */ = {isa = PBXBuildFile; fileRef = 84F273082067171800D34027 /* ViewController.swift */; };
		84F2730C2067171800D34027 /* Main.storyboard in Resources */ = {isa = PBXBuildFile; fileRef = 84F2730A2067171800D34027 /* Main.storyboard */; };
		84F2730F2067171900D34027 /* MealTime.xcdatamodeld in Sources */ = {isa = PBXBuildFile; fileRef = 84F2730D2067171900D34027 /* MealTime.xcdatamodeld */; };
		84F273112067171900D34027 /* Assets.xcassets in Resources */ = {isa = PBXBuildFile; fileRef = 84F273102067171900D34027 /* Assets.xcassets */; };
		84F273142067171900D34027 /* LaunchScreen.storyboard in Resources */ = {isa = PBXBuildFile; fileRef = 84F273122067171900D34027 /* LaunchScreen.storyboard */; };
/* End PBXBuildFile section */

/* Begin PBXFileReference section */
		56565B9D20701623008CB1AC /* MainScreen.swift */ = {isa = PBXFileReference; fileEncoding = 4; lastKnownFileType = sourcecode.swift; path = MainScreen.swift; sourceTree = "<group>"; };
		56565B9F20702EEA008CB1AC /* ru */ = {isa = PBXFileReference; lastKnownFileType = text.plist.strings; name = ru; path = ru.lproj/Main.strings; sourceTree = "<group>"; };
		56565BA020702EEB008CB1AC /* ru */ = {isa = PBXFileReference; lastKnownFileType = text.plist.strings; name = ru; path = ru.lproj/LaunchScreen.strings; sourceTree = "<group>"; };
		56565BA1207038E2008CB1AC /* GradientView.swift */ = {isa = PBXFileReference; fileEncoding = 4; lastKnownFileType = sourcecode.swift; path = GradientView.swift; sourceTree = "<group>"; };
		84F273032067171800D34027 /* MealTime2.app */ = {isa = PBXFileReference; explicitFileType = wrapper.application; includeInIndex = 0; path = MealTime2.app; sourceTree = BUILT_PRODUCTS_DIR; };
		84F273062067171800D34027 /* AppDelegate.swift */ = {isa = PBXFileReference; lastKnownFileType = sourcecode.swift; path = AppDelegate.swift; sourceTree = "<group>"; };
		84F273082067171800D34027 /* ViewController.swift */ = {isa = PBXFileReference; lastKnownFileType = sourcecode.swift; path = ViewController.swift; sourceTree = "<group>"; };
		84F2730B2067171800D34027 /* Base */ = {isa = PBXFileReference; lastKnownFileType = file.storyboard; name = Base; path = Base.lproj/Main.storyboard; sourceTree = "<group>"; };
		84F2730E2067171900D34027 /* MealTime.xcdatamodel */ = {isa = PBXFileReference; lastKnownFileType = wrapper.xcdatamodel; path = MealTime.xcdatamodel; sourceTree = "<group>"; };
		84F273102067171900D34027 /* Assets.xcassets */ = {isa = PBXFileReference; lastKnownFileType = folder.assetcatalog; path = Assets.xcassets; sourceTree = "<group>"; };
		84F273132067171900D34027 /* Base */ = {isa = PBXFileReference; lastKnownFileType = file.storyboard; name = Base; path = Base.lproj/LaunchScreen.storyboard; sourceTree = "<group>"; };
		84F273152067171900D34027 /* Info.plist */ = {isa = PBXFileReference; lastKnownFileType = text.plist.xml; path = Info.plist; sourceTree = "<group>"; };
/* End PBXFileReference section */

/* Begin PBXFrameworksBuildPhase section */
		84F273002067171800D34027 /* Frameworks */ = {
			isa = PBXFrameworksBuildPhase;
			buildActionMask = 2147483647;
			files = (
			);
			runOnlyForDeploymentPostprocessing = 0;
		};
/* End PBXFrameworksBuildPhase section */

/* Begin PBXGroup section */
		84F272FA2067171800D34027 = {
			isa = PBXGroup;
			children = (
				84F273052067171800D34027 /* MealTime */,
				84F273042067171800D34027 /* Products */,
			);
			sourceTree = "<group>";
		};
		84F273042067171800D34027 /* Products */ = {
			isa = PBXGroup;
			children = (
				84F273032067171800D34027 /* MealTime2.app */,
			);
			name = Products;
			sourceTree = "<group>";
		};
		84F273052067171800D34027 /* MealTime */ = {
			isa = PBXGroup;
			children = (
				84F273062067171800D34027 /* AppDelegate.swift */,
				56565B9D20701623008CB1AC /* MainScreen.swift */,
				84F273082067171800D34027 /* ViewController.swift */,
				84F2730A2067171800D34027 /* Main.storyboard */,
				84F273102067171900D34027 /* Assets.xcassets */,
				84F273122067171900D34027 /* LaunchScreen.storyboard */,
				84F273152067171900D34027 /* Info.plist */,
				56565BA1207038E2008CB1AC /* GradientView.swift */,
				84F2730D2067171900D34027 /* MealTime.xcdatamodeld */,
			);
			path = MealTime;
			sourceTree = "<group>";
		};
/* End PBXGroup section */

/* Begin PBXNativeTarget section */
		84F273022067171800D34027 /* MealTime2 */ = {
			isa = PBXNativeTarget;
			buildConfigurationList = 84F273182067171900D34027 /* Build configuration list for PBXNativeTarget "MealTime2" */;
			buildPhases = (
				84F272FF2067171800D34027 /* Sources */,
				84F273002067171800D34027 /* Frameworks */,
				84F273012067171800D34027 /* Resources */,
			);
			buildRules = (
			);
			dependencies = (
			);
			name = MealTime2;
			productName = MealTime;
			productReference = 84F273032067171800D34027 /* MealTime2.app */;
			productType = "com.apple.product-type.application";
		};
/* End PBXNativeTarget section */

/* Begin PBXProject section */
		84F272FB2067171800D34027 /* Project object */ = {
			isa = PBXProject;
			attributes = {
				LastSwiftUpdateCheck = 0820;
				LastUpgradeCheck = 0820;
				ORGANIZATIONNAME = HomeMade;
				TargetAttributes = {
					84F273022067171800D34027 = {
						CreatedOnToolsVersion = 8.2.1;
						DevelopmentTeam = LC7P3687MC;
						ProvisioningStyle = Automatic;
					};
				};
			};
			buildConfigurationList = 84F272FE2067171800D34027 /* Build configuration list for PBXProject "MealTime2" */;
			compatibilityVersion = "Xcode 3.2";
			developmentRegion = English;
			hasScannedForEncodings = 0;
			knownRegions = (
				en,
				Base,
			);
			mainGroup = 84F272FA2067171800D34027;
			productRefGroup = 84F273042067171800D34027 /* Products */;
			projectDirPath = "";
			projectRoot = "";
			targets = (
				84F273022067171800D34027 /* MealTime2 */,
			);
		};
/* End PBXProject section */

/* Begin PBXResourcesBuildPhase section */
		84F273012067171800D34027 /* Resources */ = {
			isa = PBXResourcesBuildPhase;
			buildActionMask = 2147483647;
			files = (
				84F273142067171900D34027 /* LaunchScreen.storyboard in Resources */,
				84F273112067171900D34027 /* Assets.xcassets in Resources */,
				84F2730C2067171800D34027 /* Main.storyboard in Resources */,
			);
			runOnlyForDeploymentPostprocessing = 0;
		};
/* End PBXResourcesBuildPhase section */

/* Begin PBXSourcesBuildPhase section */
		84F272FF2067171800D34027 /* Sources */ = {
			isa = PBXSourcesBuildPhase;
			buildActionMask = 2147483647;
			files = (
				56565B9E20701623008CB1AC /* MainScreen.swift in Sources */,
				84F2730F2067171900D34027 /* MealTime.xcdatamodeld in Sources */,
				56565BA2207038E3008CB1AC /* GradientView.swift in Sources */,
				84F273092067171800D34027 /* ViewController.swift in Sources */,
				84F273072067171800D34027 /* AppDelegate.swift in Sources */,
			);
			runOnlyForDeploymentPostprocessing = 0;
		};
/* End PBXSourcesBuildPhase section */

/* Begin PBXVariantGroup section */
		84F2730A2067171800D34027 /* Main.storyboard */ = {
			isa = PBXVariantGroup;
			children = (
				84F2730B2067171800D34027 /* Base */,
				56565B9F20702EEA008CB1AC /* ru */,
			);
			name = Main.storyboard;
			sourceTree = "<group>";
		};
		84F273122067171900D34027 /* LaunchScreen.storyboard */ = {
			isa = PBXVariantGroup;
			children = (
				84F273132067171900D34027 /* Base */,
				56565BA020702EEB008CB1AC /* ru */,
			);
			name = LaunchScreen.storyboard;
			sourceTree = "<group>";
		};
/* End PBXVariantGroup section */

/* Begin XCBuildConfiguration section */
		84F273162067171900D34027 /* Debug */ = {
			isa = XCBuildConfiguration;
			buildSettings = {
				ALWAYS_SEARCH_USER_PATHS = NO;
				CLANG_ANALYZER_LOCALIZABILITY_NONLOCALIZED = YES;
				CLANG_ANALYZER_NONNULL = YES;
				CLANG_CXX_LANGUAGE_STANDARD = "gnu++0x";
				CLANG_CXX_LIBRARY = "libc++";
				CLANG_ENABLE_MODULES = YES;
				CLANG_ENABLE_OBJC_ARC = YES;
				CLANG_WARN_BOOL_CONVERSION = YES;
				CLANG_WARN_CONSTANT_CONVERSION = YES;
				CLANG_WARN_DIRECT_OBJC_ISA_USAGE = YES_ERROR;
				CLANG_WARN_DOCUMENTATION_COMMENTS = YES;
				CLANG_WARN_EMPTY_BODY = YES;
				CLANG_WARN_ENUM_CONVERSION = YES;
				CLANG_WARN_INFINITE_RECURSION = YES;
				CLANG_WARN_INT_CONVERSION = YES;
				CLANG_WARN_OBJC_ROOT_CLASS = YES_ERROR;
				CLANG_WARN_SUSPICIOUS_MOVE = YES;
				CLANG_WARN_UNREACHABLE_CODE = YES;
				CLANG_WARN__DUPLICATE_METHOD_MATCH = YES;
				"CODE_SIGN_IDENTITY[sdk=iphoneos*]" = "iPhone Developer";
				COPY_PHASE_STRIP = NO;
				DEBUG_INFORMATION_FORMAT = dwarf;
				ENABLE_STRICT_OBJC_MSGSEND = YES;
				ENABLE_TESTABILITY = YES;
				GCC_C_LANGUAGE_STANDARD = gnu99;
				GCC_DYNAMIC_NO_PIC = NO;
				GCC_NO_COMMON_BLOCKS = YES;
				GCC_OPTIMIZATION_LEVEL = 0;
				GCC_PREPROCESSOR_DEFINITIONS = (
					"DEBUG=1",
					"$(inherited)",
				);
				GCC_WARN_64_TO_32_BIT_CONVERSION = YES;
				GCC_WARN_ABOUT_RETURN_TYPE = YES_ERROR;
				GCC_WARN_UNDECLARED_SELECTOR = YES;
				GCC_WARN_UNINITIALIZED_AUTOS = YES_AGGRESSIVE;
				GCC_WARN_UNUSED_FUNCTION = YES;
				GCC_WARN_UNUSED_VARIABLE = YES;
				IPHONEOS_DEPLOYMENT_TARGET = 10.2;
				MTL_ENABLE_DEBUG_INFO = YES;
				ONLY_ACTIVE_ARCH = YES;
				SDKROOT = iphoneos;
				SWIFT_ACTIVE_COMPILATION_CONDITIONS = DEBUG;
				SWIFT_OPTIMIZATION_LEVEL = "-Onone";
			};
			name = Debug;
		};
		84F273172067171900D34027 /* Release */ = {
			isa = XCBuildConfiguration;
			buildSettings = {
				ALWAYS_SEARCH_USER_PATHS = NO;
				CLANG_ANALYZER_LOCALIZABILITY_NONLOCALIZED = YES;
				CLANG_ANALYZER_NONNULL = YES;
				CLANG_CXX_LANGUAGE_STANDARD = "gnu++0x";
				CLANG_CXX_LIBRARY = "libc++";
				CLANG_ENABLE_MODULES = YES;
				CLANG_ENABLE_OBJC_ARC = YES;
				CLANG_WARN_BOOL_CONVERSION = YES;
				CLANG_WARN_CONSTANT_CONVERSION = YES;
				CLANG_WARN_DIRECT_OBJC_ISA_USAGE = YES_ERROR;
				CLANG_WARN_DOCUMENTATION_COMMENTS = YES;
				CLANG_WARN_EMPTY_BODY = YES;
				CLANG_WARN_ENUM_CONVERSION = YES;
				CLANG_WARN_INFINITE_RECURSION = YES;
				CLANG_WARN_INT_CONVERSION = YES;
				CLANG_WARN_OBJC_ROOT_CLASS = YES_ERROR;
				CLANG_WARN_SUSPICIOUS_MOVE = YES;
				CLANG_WARN_UNREACHABLE_CODE = YES;
				CLANG_WARN__DUPLICATE_METHOD_MATCH = YES;
				"CODE_SIGN_IDENTITY[sdk=iphoneos*]" = "iPhone Developer";
				COPY_PHASE_STRIP = NO;
				DEBUG_INFORMATION_FORMAT = "dwarf-with-dsym";
				ENABLE_NS_ASSERTIONS = NO;
				ENABLE_STRICT_OBJC_MSGSEND = YES;
				GCC_C_LANGUAGE_STANDARD = gnu99;
				GCC_NO_COMMON_BLOCKS = YES;
				GCC_WARN_64_TO_32_BIT_CONVERSION = YES;
				GCC_WARN_ABOUT_RETURN_TYPE = YES_ERROR;
				GCC_WARN_UNDECLARED_SELECTOR = YES;
				GCC_WARN_UNINITIALIZED_AUTOS = YES_AGGRESSIVE;
				GCC_WARN_UNUSED_FUNCTION = YES;
				GCC_WARN_UNUSED_VARIABLE = YES;
				IPHONEOS_DEPLOYMENT_TARGET = 10.2;
				MTL_ENABLE_DEBUG_INFO = NO;
				SDKROOT = iphoneos;
				SWIFT_OPTIMIZATION_LEVEL = "-Owholemodule";
				VALIDATE_PRODUCT = YES;
			};
			name = Release;
		};
		84F273192067171900D34027 /* Debug */ = {
			isa = XCBuildConfiguration;
			buildSettings = {
				ASSETCATALOG_COMPILER_APPICON_NAME = AppIcon;
				DEVELOPMENT_TEAM = LC7P3687MC;
				INFOPLIST_FILE = MealTime/Info.plist;
				LD_RUNPATH_SEARCH_PATHS = "$(inherited) @executable_path/Frameworks";
				PRODUCT_BUNDLE_IDENTIFIER = zslavman.MealTime2;
				PRODUCT_NAME = "$(TARGET_NAME)";
				SWIFT_VERSION = 3.0;
			};
			name = Debug;
		};
		84F2731A2067171900D34027 /* Release */ = {
			isa = XCBuildConfiguration;
			buildSettings = {
				ASSETCATALOG_COMPILER_APPICON_NAME = AppIcon;
				DEVELOPMENT_TEAM = LC7P3687MC;
				INFOPLIST_FILE = MealTime/Info.plist;
				LD_RUNPATH_SEARCH_PATHS = "$(inherited) @executable_path/Frameworks";
				PRODUCT_BUNDLE_IDENTIFIER = zslavman.MealTime2;
				PRODUCT_NAME = "$(TARGET_NAME)";
				SWIFT_VERSION = 3.0;
			};
			name = Release;
		};
/* End XCBuildConfiguration section */

/* Begin XCConfigurationList section */
		84F272FE2067171800D34027 /* Build configuration list for PBXProject "MealTime2" */ = {
			isa = XCConfigurationList;
			buildConfigurations = (
				84F273162067171900D34027 /* Debug */,
				84F273172067171900D34027 /* Release */,
			);
			defaultConfigurationIsVisible = 0;
			defaultConfigurationName = Release;
		};
		84F273182067171900D34027 /* Build configuration list for PBXNativeTarget "MealTime2" */ = {
			isa = XCConfigurationList;
			buildConfigurations = (
				84F273192067171900D34027 /* Debug */,
				84F2731A2067171900D34027 /* Release */,
			);
			defaultConfigurationIsVisible = 0;
			defaultConfigurationName = Release;
		};
/* End XCConfigurationList section */

/* Begin XCVersionGroup section */
		84F2730D2067171900D34027 /* MealTime.xcdatamodeld */ = {
			isa = XCVersionGroup;
			children = (
				84F2730E2067171900D34027 /* MealTime.xcdatamodel */,
			);
			currentVersion = 84F2730E2067171900D34027 /* MealTime.xcdatamodel */;
			path = MealTime.xcdatamodeld;
			sourceTree = "<group>";
			versionGroupType = wrapper.xcdatamodel;
		};
/* End XCVersionGroup section */
	};
	rootObject = 84F272FB2067171800D34027 /* Project object */;
}
